
Microsoft Visual Studio Solution File, Format Version 12.00
# Visual Studio Version 16
VisualStudioVersion = 16.0.810.16
MinimumVisualStudioVersion = 10.0.40219.1
Project("{FAE04EC0-301F-11D3-BF4B-00C04F79EFBC}") = "pizzaDeliveryApp", "pizzaDeliveryApp\pizzaDeliveryApp.csproj", "{5DAA426C-9971-4BC6-AEA4-A865D64D081C}"
EndProject
Global
	GlobalSection(SolutionConfigurationPlatforms) = preSolution
		Debug|Any CPU = Debug|Any CPU
		Release|Any CPU = Release|Any CPU
	EndGlobalSection
	GlobalSection(ProjectConfigurationPlatforms) = postSolution
		{5DAA426C-9971-4BC6-AEA4-A865D64D081C}.Debug|Any CPU.ActiveCfg = Debug|Any CPU
		{5DAA426C-9971-4BC6-AEA4-A865D64D081C}.Debug|Any CPU.Build.0 = Debug|Any CPU
		{5DAA426C-9971-4BC6-AEA4-A865D64D081C}.Release|Any CPU.ActiveCfg = Release|Any CPU
		{5DAA426C-9971-4BC6-AEA4-A865D64D081C}.Release|Any CPU.Build.0 = Release|Any CPU
	EndGlobalSection
	GlobalSection(SolutionProperties) = preSolution
		HideSolutionNode = FALSE
	EndGlobalSection
	GlobalSection(ExtensibilityGlobals) = postSolution
		SolutionGuid = {D6DE70D8-07D1-4369-959A-60D86C670251}
	EndGlobalSection
EndGlobal
